
Microsoft Visual Studio Solution File, Format Version 12.00
# Visual Studio Version 17
VisualStudioVersion = 17.3.32804.467
MinimumVisualStudioVersion = 10.0.40219.1
Project("{FAE04EC0-301F-11D3-BF4B-00C04F79EFBC}") = "BlogTrackerApp", "BlogTrackerApp\BlogTrackerApp.csproj", "{D02C1ECB-0767-47FC-9329-EC28047ED1B9}"
EndProject
Project("{FAE04EC0-301F-11D3-BF4B-00C04F79EFBC}") = "BlogProjectWebApi", "..\BlogProject\BlogProjectWebApi\BlogProjectWebApi.csproj", "{A4950878-EA1C-482B-ABE0-7136F10BF477}"
EndProject
Project("{FAE04EC0-301F-11D3-BF4B-00C04F79EFBC}") = "DAL", "..\BlogProject\DAL\DAL.csproj", "{827BD17C-3BBD-4C1B-9D77-F6613527A8EE}"
EndProject
Global
	GlobalSection(SolutionConfigurationPlatforms) = preSolution
		Debug|Any CPU = Debug|Any CPU
		Release|Any CPU = Release|Any CPU
	EndGlobalSection
	GlobalSection(ProjectConfigurationPlatforms) = postSolution
		{D02C1ECB-0767-47FC-9329-EC28047ED1B9}.Debug|Any CPU.ActiveCfg = Debug|Any CPU
		{D02C1ECB-0767-47FC-9329-EC28047ED1B9}.Debug|Any CPU.Build.0 = Debug|Any CPU
		{D02C1ECB-0767-47FC-9329-EC28047ED1B9}.Release|Any CPU.ActiveCfg = Release|Any CPU
		{D02C1ECB-0767-47FC-9329-EC28047ED1B9}.Release|Any CPU.Build.0 = Release|Any CPU
		{A4950878-EA1C-482B-ABE0-7136F10BF477}.Debug|Any CPU.ActiveCfg = Debug|Any CPU
		{A4950878-EA1C-482B-ABE0-7136F10BF477}.Debug|Any CPU.Build.0 = Debug|Any CPU
		{A4950878-EA1C-482B-ABE0-7136F10BF477}.Release|Any CPU.ActiveCfg = Release|Any CPU
		{A4950878-EA1C-482B-ABE0-7136F10BF477}.Release|Any CPU.Build.0 = Release|Any CPU
		{827BD17C-3BBD-4C1B-9D77-F6613527A8EE}.Debug|Any CPU.ActiveCfg = Debug|Any CPU
		{827BD17C-3BBD-4C1B-9D77-F6613527A8EE}.Debug|Any CPU.Build.0 = Debug|Any CPU
		{827BD17C-3BBD-4C1B-9D77-F6613527A8EE}.Release|Any CPU.ActiveCfg = Release|Any CPU
		{827BD17C-3BBD-4C1B-9D77-F6613527A8EE}.Release|Any CPU.Build.0 = Release|Any CPU
	EndGlobalSection
	GlobalSection(SolutionProperties) = preSolution
		HideSolutionNode = FALSE
	EndGlobalSection
	GlobalSection(ExtensibilityGlobals) = postSolution
		SolutionGuid = {D1414CC3-B518-4F46-BFDA-ED21019870C7}
	EndGlobalSection
EndGlobal
